
Microsoft Visual Studio Solution File, Format Version 12.00
# Visual Studio 2013
VisualStudioVersion = 12.0.21005.1
MinimumVisualStudioVersion = 10.0.40219.1
Project("{FAE04EC0-301F-11D3-BF4B-00C04F79EFBC}") = "SprintHealthAnalyzer", "w3AspDemo\SprintHealthAnalyzer.csproj", "{8FBBC392-7E42-4617-8B28-EF144B786AAD}"
EndProject
Global
	GlobalSection(SolutionConfigurationPlatforms) = preSolution
		Debug|Any CPU = Debug|Any CPU
		Release|Any CPU = Release|Any CPU
	EndGlobalSection
	GlobalSection(ProjectConfigurationPlatforms) = postSolution
		{8FBBC392-7E42-4617-8B28-EF144B786AAD}.Debug|Any CPU.ActiveCfg = Debug|Any CPU
		{8FBBC392-7E42-4617-8B28-EF144B786AAD}.Debug|Any CPU.Build.0 = Debug|Any CPU
		{8FBBC392-7E42-4617-8B28-EF144B786AAD}.Release|Any CPU.ActiveCfg = Release|Any CPU
		{8FBBC392-7E42-4617-8B28-EF144B786AAD}.Release|Any CPU.Build.0 = Release|Any CPU
	EndGlobalSection
	GlobalSection(SolutionProperties) = preSolution
		HideSolutionNode = FALSE
	EndGlobalSection
EndGlobal
